
Microsoft Visual Studio Solution File, Format Version 12.00
# Visual Studio Version 16
VisualStudioVersion = 16.0.29911.84
MinimumVisualStudioVersion = 10.0.40219.1
Project("{F2A71F9B-5D33-465A-A702-920D77279786}") = "lab3", "lab3.fsproj", "{09070D19-AE6E-4860-8EDB-E54D4D60EB27}"
EndProject
Global
	GlobalSection(SolutionConfigurationPlatforms) = preSolution
		Debug|Any CPU = Debug|Any CPU
		Release|Any CPU = Release|Any CPU
	EndGlobalSection
	GlobalSection(ProjectConfigurationPlatforms) = postSolution
		{09070D19-AE6E-4860-8EDB-E54D4D60EB27}.Debug|Any CPU.ActiveCfg = Debug|Any CPU
		{09070D19-AE6E-4860-8EDB-E54D4D60EB27}.Debug|Any CPU.Build.0 = Debug|Any CPU
		{09070D19-AE6E-4860-8EDB-E54D4D60EB27}.Release|Any CPU.ActiveCfg = Release|Any CPU
		{09070D19-AE6E-4860-8EDB-E54D4D60EB27}.Release|Any CPU.Build.0 = Release|Any CPU
	EndGlobalSection
	GlobalSection(SolutionProperties) = preSolution
		HideSolutionNode = FALSE
	EndGlobalSection
	GlobalSection(ExtensibilityGlobals) = postSolution
		SolutionGuid = {0B386D4F-C034-432F-BD46-A0D13EAE7425}
	EndGlobalSection
EndGlobal
